
Microsoft Visual Studio Solution File, Format Version 12.00
# Visual Studio Version 17
VisualStudioVersion = 17.10.35122.118
MinimumVisualStudioVersion = 10.0.40219.1
Project("{FAE04EC0-301F-11D3-BF4B-00C04F79EFBC}") = "TestApplication1", "TestApplication1\TestApplication1.csproj", "{6599CF43-C412-4028-96CD-6634666D0E5F}"
EndProject
Global
	GlobalSection(SolutionConfigurationPlatforms) = preSolution
		Debug|Any CPU = Debug|Any CPU
		Release|Any CPU = Release|Any CPU
	EndGlobalSection
	GlobalSection(ProjectConfigurationPlatforms) = postSolution
		{6599CF43-C412-4028-96CD-6634666D0E5F}.Debug|Any CPU.ActiveCfg = Debug|Any CPU
		{6599CF43-C412-4028-96CD-6634666D0E5F}.Debug|Any CPU.Build.0 = Debug|Any CPU
		{6599CF43-C412-4028-96CD-6634666D0E5F}.Release|Any CPU.ActiveCfg = Release|Any CPU
		{6599CF43-C412-4028-96CD-6634666D0E5F}.Release|Any CPU.Build.0 = Release|Any CPU
	EndGlobalSection
	GlobalSection(SolutionProperties) = preSolution
		HideSolutionNode = FALSE
	EndGlobalSection
	GlobalSection(ExtensibilityGlobals) = postSolution
		SolutionGuid = {D9D2C04F-44FC-46E2-955E-56DD8CEC5879}
	EndGlobalSection
EndGlobal
